{
  "name": "confirm_download",
  "version": "1.0.0",
  "lockfileVersion": 2,
  "requires": true,
  "packages": {
    "": {
      "version": "1.0.0",
      "license": "ISC",
      "dependencies": {
        "nodemailer": "^6.6.2",
        "uni-id": "file:../common/uni-id"
      }
    },
    "../common/uni-id": {
      "version": "3.0.5",
      "license": "Apache-2.0"
    },
    "node_modules/nodemailer": {
      "version": "6.6.2",
      "resolved": "https://registry.npmjs.org/nodemailer/-/nodemailer-6.6.2.tgz",
      "integrity": "sha512-YSzu7TLbI+bsjCis/TZlAXBoM4y93HhlIgo0P5oiA2ua9Z4k+E2Fod//ybIzdJxOlXGRcHIh/WaeCBehvxZb/Q==",
      "engines": {
        "node": ">=6.0.0"
      }
    },
    "node_modules/uni-id": {
      "resolved": "../common/uni-id",
      "link": true
    }
  },
  "dependencies": {
    "nodemailer": {
      "version": "6.6.2",
      "resolved": "https://registry.npmjs.org/nodemailer/-/nodemailer-6.6.2.tgz",
      "integrity": "sha512-YSzu7TLbI+bsjCis/TZlAXBoM4y93HhlIgo0P5oiA2ua9Z4k+E2Fod//ybIzdJxOlXGRcHIh/WaeCBehvxZb/Q=="
    },
    "uni-id": {
      "version": "file:../common/uni-id"
    }
  }
}
