{
  "name": "login",
  "version": "1.0.0",
  "lockfileVersion": 2,
  "requires": true,
  "packages": {
    "": {
      "version": "1.0.0",
      "license": "ISC",
      "dependencies": {
        "uni-id": "file:../common/uni-id"
      }
    },
    "../common/uni-id": {
      "version": "3.0.5",
      "license": "Apache-2.0"
    },
    "node_modules/uni-id": {
      "resolved": "../common/uni-id",
      "link": true
    }
  },
  "dependencies": {
    "uni-id": {
      "version": "file:../common/uni-id"
    }
  }
}
